
Microsoft Visual Studio Solution File, Format Version 12.00
# Visual Studio Version 17
VisualStudioVersion = 17.9.34607.119
MinimumVisualStudioVersion = 10.0.40219.1
Project("{FAE04EC0-301F-11D3-BF4B-00C04F79EFBC}") = "TodoListService", "TodoListService.csproj", "{925F8F05-48C4-4FF9-AB25-E710804CF786}"
EndProject
Global
	GlobalSection(SolutionConfigurationPlatforms) = preSolution
		Debug|Any CPU = Debug|Any CPU
		Release|Any CPU = Release|Any CPU
	EndGlobalSection
	GlobalSection(ProjectConfigurationPlatforms) = postSolution
		{925F8F05-48C4-4FF9-AB25-E710804CF786}.Debug|Any CPU.ActiveCfg = Debug|Any CPU
		{925F8F05-48C4-4FF9-AB25-E710804CF786}.Debug|Any CPU.Build.0 = Debug|Any CPU
		{925F8F05-48C4-4FF9-AB25-E710804CF786}.Release|Any CPU.ActiveCfg = Release|Any CPU
		{925F8F05-48C4-4FF9-AB25-E710804CF786}.Release|Any CPU.Build.0 = Release|Any CPU
	EndGlobalSection
	GlobalSection(SolutionProperties) = preSolution
		HideSolutionNode = FALSE
	EndGlobalSection
	GlobalSection(ExtensibilityGlobals) = postSolution
		SolutionGuid = {1E250692-B277-4A41-A449-A9EB3DEFADC5}
	EndGlobalSection
EndGlobal
